
Microsoft Visual Studio Solution File, Format Version 12.00
# Visual Studio Version 17
VisualStudioVersion = 17.6.33829.357
MinimumVisualStudioVersion = 10.0.40219.1
Project("{FAE04EC0-301F-11D3-BF4B-00C04F79EFBC}") = "QuanLyBanHang", "QuanLyBanHang\QuanLyBanHang.csproj", "{D763438A-A16D-4230-A6DE-12D3A4E8718D}"
EndProject
Global
	GlobalSection(SolutionConfigurationPlatforms) = preSolution
		Debug|Any CPU = Debug|Any CPU
		Release|Any CPU = Release|Any CPU
	EndGlobalSection
	GlobalSection(ProjectConfigurationPlatforms) = postSolution
		{D763438A-A16D-4230-A6DE-12D3A4E8718D}.Debug|Any CPU.ActiveCfg = Debug|Any CPU
		{D763438A-A16D-4230-A6DE-12D3A4E8718D}.Debug|Any CPU.Build.0 = Debug|Any CPU
		{D763438A-A16D-4230-A6DE-12D3A4E8718D}.Release|Any CPU.ActiveCfg = Release|Any CPU
		{D763438A-A16D-4230-A6DE-12D3A4E8718D}.Release|Any CPU.Build.0 = Release|Any CPU
	EndGlobalSection
	GlobalSection(SolutionProperties) = preSolution
		HideSolutionNode = FALSE
	EndGlobalSection
	GlobalSection(ExtensibilityGlobals) = postSolution
		SolutionGuid = {0E033021-2080-421B-A0AB-FDAD7831CDDB}
	EndGlobalSection
EndGlobal
